
Microsoft Visual Studio Solution File, Format Version 12.00
# Visual Studio Version 16
VisualStudioVersion = 16.0.30517.126
MinimumVisualStudioVersion = 10.0.40219.1
Project("{FAE04EC0-301F-11D3-BF4B-00C04F79EFBC}") = "DataFromFile", "DataFromFile\DataFromFile.csproj", "{E42D0EB5-FA2C-400B-BE33-6154E81BC289}"
EndProject
Project("{FAE04EC0-301F-11D3-BF4B-00C04F79EFBC}") = "Horoscope", "Horoscope\Horoscope.csproj", "{C6DF446C-A852-4000-BFF3-886CAD2FB2C9}"
EndProject
Project("{FAE04EC0-301F-11D3-BF4B-00C04F79EFBC}") = "chuck", "chuck\chuck.csproj", "{3CDBF478-6A36-4547-86B6-FE545DFE9373}"
EndProject
Global
	GlobalSection(SolutionConfigurationPlatforms) = preSolution
		Debug|Any CPU = Debug|Any CPU
		Release|Any CPU = Release|Any CPU
	EndGlobalSection
	GlobalSection(ProjectConfigurationPlatforms) = postSolution
		{E42D0EB5-FA2C-400B-BE33-6154E81BC289}.Debug|Any CPU.ActiveCfg = Debug|Any CPU
		{E42D0EB5-FA2C-400B-BE33-6154E81BC289}.Debug|Any CPU.Build.0 = Debug|Any CPU
		{E42D0EB5-FA2C-400B-BE33-6154E81BC289}.Release|Any CPU.ActiveCfg = Release|Any CPU
		{E42D0EB5-FA2C-400B-BE33-6154E81BC289}.Release|Any CPU.Build.0 = Release|Any CPU
		{C6DF446C-A852-4000-BFF3-886CAD2FB2C9}.Debug|Any CPU.ActiveCfg = Debug|Any CPU
		{C6DF446C-A852-4000-BFF3-886CAD2FB2C9}.Debug|Any CPU.Build.0 = Debug|Any CPU
		{C6DF446C-A852-4000-BFF3-886CAD2FB2C9}.Release|Any CPU.ActiveCfg = Release|Any CPU
		{C6DF446C-A852-4000-BFF3-886CAD2FB2C9}.Release|Any CPU.Build.0 = Release|Any CPU
		{3CDBF478-6A36-4547-86B6-FE545DFE9373}.Debug|Any CPU.ActiveCfg = Debug|Any CPU
		{3CDBF478-6A36-4547-86B6-FE545DFE9373}.Debug|Any CPU.Build.0 = Debug|Any CPU
		{3CDBF478-6A36-4547-86B6-FE545DFE9373}.Release|Any CPU.ActiveCfg = Release|Any CPU
		{3CDBF478-6A36-4547-86B6-FE545DFE9373}.Release|Any CPU.Build.0 = Release|Any CPU
	EndGlobalSection
	GlobalSection(SolutionProperties) = preSolution
		HideSolutionNode = FALSE
	EndGlobalSection
	GlobalSection(ExtensibilityGlobals) = postSolution
		SolutionGuid = {C2624C7C-BF67-4E94-9DA9-F3EF9B45192C}
	EndGlobalSection
EndGlobal
